
Microsoft Visual Studio Solution File, Format Version 12.00
# Visual Studio 15
Project("{FAE04EC0-301F-11D3-BF4B-00C04F79EFBC}") = "Assembly-CSharp-Editor", "Assembly-CSharp-Editor.csproj", "{A9A9E9EE-D2ED-B617-A7B9-84AC03D01DAF}"
EndProject
Project("{FAE04EC0-301F-11D3-BF4B-00C04F79EFBC}") = "Assembly-CSharp", "Assembly-CSharp.csproj", "{722410AB-2844-74F1-885B-B1455452FA77}"
EndProject
Global
	GlobalSection(SolutionConfigurationPlatforms) = preSolution
		Debug|Any CPU = Debug|Any CPU
		Release|Any CPU = Release|Any CPU
	EndGlobalSection
	GlobalSection(ProjectConfigurationPlatforms) = postSolution
		{A9A9E9EE-D2ED-B617-A7B9-84AC03D01DAF}.Debug|Any CPU.ActiveCfg = Debug|Any CPU
		{A9A9E9EE-D2ED-B617-A7B9-84AC03D01DAF}.Debug|Any CPU.Build.0 = Debug|Any CPU
		{A9A9E9EE-D2ED-B617-A7B9-84AC03D01DAF}.Release|Any CPU.ActiveCfg = Release|Any CPU
		{A9A9E9EE-D2ED-B617-A7B9-84AC03D01DAF}.Release|Any CPU.Build.0 = Release|Any CPU
		{722410AB-2844-74F1-885B-B1455452FA77}.Debug|Any CPU.ActiveCfg = Debug|Any CPU
		{722410AB-2844-74F1-885B-B1455452FA77}.Debug|Any CPU.Build.0 = Debug|Any CPU
		{722410AB-2844-74F1-885B-B1455452FA77}.Release|Any CPU.ActiveCfg = Release|Any CPU
		{722410AB-2844-74F1-885B-B1455452FA77}.Release|Any CPU.Build.0 = Release|Any CPU
	EndGlobalSection
	GlobalSection(SolutionProperties) = preSolution
		HideSolutionNode = FALSE
	EndGlobalSection
EndGlobal
